
Microsoft Visual Studio Solution File, Format Version 12.00
# Visual Studio Version 16
VisualStudioVersion = 16.0.30002.166
MinimumVisualStudioVersion = 10.0.40219.1
Project("{FAE04EC0-301F-11D3-BF4B-00C04F79EFBC}") = "DetectorEvent", "DetectorEvent\DetectorEvent.csproj", "{CDC6AFDA-39FF-470F-9846-AA4D4DF0E6A6}"
EndProject
Global
	GlobalSection(SolutionConfigurationPlatforms) = preSolution
		Debug|Any CPU = Debug|Any CPU
		Release|Any CPU = Release|Any CPU
	EndGlobalSection
	GlobalSection(ProjectConfigurationPlatforms) = postSolution
		{CDC6AFDA-39FF-470F-9846-AA4D4DF0E6A6}.Debug|Any CPU.ActiveCfg = Debug|Any CPU
		{CDC6AFDA-39FF-470F-9846-AA4D4DF0E6A6}.Debug|Any CPU.Build.0 = Debug|Any CPU
		{CDC6AFDA-39FF-470F-9846-AA4D4DF0E6A6}.Release|Any CPU.ActiveCfg = Release|Any CPU
		{CDC6AFDA-39FF-470F-9846-AA4D4DF0E6A6}.Release|Any CPU.Build.0 = Release|Any CPU
	EndGlobalSection
	GlobalSection(SolutionProperties) = preSolution
		HideSolutionNode = FALSE
	EndGlobalSection
	GlobalSection(ExtensibilityGlobals) = postSolution
		SolutionGuid = {375F5F8D-80E9-4686-98EA-2DA6DFE615C1}
	EndGlobalSection
EndGlobal
